# This file was autogenerated by Stack.
# You should not edit this file by hand.
# For more information, please see the documentation at:
#   https://docs.haskellstack.org/en/stable/lock_files

packages:
- completed:
    commit: 79508d9ff3cbbb5ed4bccb1bf1ee550d2c7880c5
    git: https://github.com/Riddarvid/aoc-utils-haskell/
    name: aoc-utils
    pantry-tree:
      sha256: 0c0678e258659e964dffd44c97cb801d161c5ebd086a8d0bcb6f34be794cab3c
      size: 1088
    version: 1.1.0
  original:
    commit: 79508d9ff3cbbb5ed4bccb1bf1ee550d2c7880c5
    git: https://github.com/Riddarvid/aoc-utils-haskell/
snapshots:
- completed:
    sha256: 08bd13ce621b41a8f5e51456b38d5b46d7783ce114a50ab604d6bbab0d002146
    size: 720271
    url: https://raw.githubusercontent.com/commercialhaskell/stackage-snapshots/master/lts/22/43.yaml
  original:
    url: https://raw.githubusercontent.com/commercialhaskell/stackage-snapshots/master/lts/22/43.yaml
