# This file was autogenerated by Stack.
# You should not edit this file by hand.
# For more information, please see the documentation at:
#   https://docs.haskellstack.org/en/stable/topics/lock_files

packages:
- completed:
    commit: 955883256615a52b4f163dd7b1a2a7faef9770ca
    git: https://github.com/Riddarvid/aoc-utils-haskell/
    name: aoc-utils
    pantry-tree:
      sha256: 0659a5c33add2fdea7e89e43d111608f7a0beb797d6a5667528f8c3e39e97c38
      size: 1217
    version: 1.3.0
  original:
    commit: 955883256615a52b4f163dd7b1a2a7faef9770ca
    git: https://github.com/Riddarvid/aoc-utils-haskell/
- completed:
    hackage: memoize-1.1.2@sha256:d7701b55ed63434d1e8b507d0a76bb58f2fe31b7ce329132e1ca808c7001da49,1928
    pantry-tree:
      sha256: 8c99f1a87a270c8b8fb2238a0a94b346a986cb502753162dab909ed8b2ff44ad
      size: 687
  original:
    hackage: memoize-1.1.2
snapshots:
- completed:
    sha256: 238fa745b64f91184f9aa518fe04bdde6552533d169b0da5256670df83a0f1a9
    size: 721141
    url: https://raw.githubusercontent.com/commercialhaskell/stackage-snapshots/master/lts/22/44.yaml
  original: lts-22.44
