# This file was autogenerated by Stack.
# You should not edit this file by hand.
# For more information, please see the documentation at:
#   https://docs.haskellstack.org/en/stable/topics/lock_files

packages:
- completed:
    commit: b40bf210b14fb6f0873733c18563babd4b024991
    git: https://github.com/Riddarvid/aoc-utils-haskell/
    name: aoc-utils
    pantry-tree:
      sha256: 923adf5e4e01d692b73ed2d73b7ccbb0559c63e924439160132ae138293eb09d
      size: 1153
    version: 1.3.0
  original:
    commit: b40bf210b14fb6f0873733c18563babd4b024991
    git: https://github.com/Riddarvid/aoc-utils-haskell/
- completed:
    hackage: memoize-1.1.2@sha256:d7701b55ed63434d1e8b507d0a76bb58f2fe31b7ce329132e1ca808c7001da49,1928
    pantry-tree:
      sha256: 8c99f1a87a270c8b8fb2238a0a94b346a986cb502753162dab909ed8b2ff44ad
      size: 687
  original:
    hackage: memoize-1.1.2
snapshots:
- completed:
    sha256: 238fa745b64f91184f9aa518fe04bdde6552533d169b0da5256670df83a0f1a9
    size: 721141
    url: https://raw.githubusercontent.com/commercialhaskell/stackage-snapshots/master/lts/22/44.yaml
  original: lts-22.44
