# This file was autogenerated by Stack.
# You should not edit this file by hand.
# For more information, please see the documentation at:
#   https://docs.haskellstack.org/en/stable/lock_files

packages:
- completed:
    commit: 6212dfea2f3ef7f8f78e3a796bb64f30d7a75535
    git: https://github.com/Riddarvid/aoc-utils-haskell/
    name: aoc-utils
    pantry-tree:
      sha256: 1980ac8c0eeb62ebf598d5faca46087e6be88e33d2fa8d672b43e3afa4bf3d29
      size: 1088
    version: 0.1.0.0
  original:
    commit: 6212dfea2f3ef7f8f78e3a796bb64f30d7a75535
    git: https://github.com/Riddarvid/aoc-utils-haskell/
snapshots:
- completed:
    sha256: 7d4b649cf368f9076d8aa049aa44efe58950971d105892734e9957b2a26a2186
    size: 640060
    url: https://raw.githubusercontent.com/commercialhaskell/stackage-snapshots/master/lts/21/21.yaml
  original: lts-21.21
