# This file was autogenerated by Stack.
# You should not edit this file by hand.
# For more information, please see the documentation at:
#   https://docs.haskellstack.org/en/stable/lock_files

packages:
- completed:
    commit: f5f0534839d3dd5a7683ed4f77bb1a7bd26e4388
    git: https://github.com/Riddarvid/aoc-utils-haskell/
    name: aoc-utils
    pantry-tree:
      sha256: 4c7ee90d74548dcbc69f459d6dc2de69f228dcf77655d6325759d2d5a3fd811b
      size: 1151
    version: 0.1.0.0
  original:
    commit: f5f0534839d3dd5a7683ed4f77bb1a7bd26e4388
    git: https://github.com/Riddarvid/aoc-utils-haskell/
snapshots:
- completed:
    sha256: 7d4b649cf368f9076d8aa049aa44efe58950971d105892734e9957b2a26a2186
    size: 640060
    url: https://raw.githubusercontent.com/commercialhaskell/stackage-snapshots/master/lts/21/21.yaml
  original: lts-21.21
